
Microsoft Visual Studio Solution File, Format Version 12.00
# Visual Studio Version 16
VisualStudioVersion = 16.0.29306.81
MinimumVisualStudioVersion = 10.0.40219.1
Project("{9A19103F-16F7-4668-BE54-9A1E7A4F7556}") = "Shopping", "Shopping\Shopping.csproj", "{1B415828-6181-4ECF-BEB3-AFC5A09CFAB3}"
EndProject
Project("{9A19103F-16F7-4668-BE54-9A1E7A4F7556}") = "Shopping.Data", "Shopping.Data\Shopping.Data.csproj", "{462890B2-82FD-46B9-A5B1-CD6939221667}"
EndProject
Project("{FAE04EC0-301F-11D3-BF4B-00C04F79EFBC}") = "Shopping.Core", "Shopping.Core\Shopping.Core.csproj", "{EF3C9835-A198-4D29-BFB1-CD1507813CB5}"
EndProject
Global
	GlobalSection(SolutionConfigurationPlatforms) = preSolution
		Debug|Any CPU = Debug|Any CPU
		Release|Any CPU = Release|Any CPU
	EndGlobalSection
	GlobalSection(ProjectConfigurationPlatforms) = postSolution
		{1B415828-6181-4ECF-BEB3-AFC5A09CFAB3}.Debug|Any CPU.ActiveCfg = Debug|Any CPU
		{1B415828-6181-4ECF-BEB3-AFC5A09CFAB3}.Debug|Any CPU.Build.0 = Debug|Any CPU
		{1B415828-6181-4ECF-BEB3-AFC5A09CFAB3}.Release|Any CPU.ActiveCfg = Release|Any CPU
		{1B415828-6181-4ECF-BEB3-AFC5A09CFAB3}.Release|Any CPU.Build.0 = Release|Any CPU
		{462890B2-82FD-46B9-A5B1-CD6939221667}.Debug|Any CPU.ActiveCfg = Debug|Any CPU
		{462890B2-82FD-46B9-A5B1-CD6939221667}.Debug|Any CPU.Build.0 = Debug|Any CPU
		{462890B2-82FD-46B9-A5B1-CD6939221667}.Release|Any CPU.ActiveCfg = Release|Any CPU
		{462890B2-82FD-46B9-A5B1-CD6939221667}.Release|Any CPU.Build.0 = Release|Any CPU
		{EF3C9835-A198-4D29-BFB1-CD1507813CB5}.Debug|Any CPU.ActiveCfg = Debug|Any CPU
		{EF3C9835-A198-4D29-BFB1-CD1507813CB5}.Debug|Any CPU.Build.0 = Debug|Any CPU
		{EF3C9835-A198-4D29-BFB1-CD1507813CB5}.Release|Any CPU.ActiveCfg = Release|Any CPU
		{EF3C9835-A198-4D29-BFB1-CD1507813CB5}.Release|Any CPU.Build.0 = Release|Any CPU
	EndGlobalSection
	GlobalSection(SolutionProperties) = preSolution
		HideSolutionNode = FALSE
	EndGlobalSection
	GlobalSection(ExtensibilityGlobals) = postSolution
		SolutionGuid = {1EA2EAD3-3EB4-47C1-9B8D-95BE675515B4}
	EndGlobalSection
EndGlobal
